<?xml version="1.0" encoding="UTF-8"?>
<!DOCTYPE plist PUBLIC "-//Apple//DTD PLIST 1.0//EN" "http://www.apple.com/DTDs/PropertyList-1.0.dtd">
<plist version="1.0">
<dict>
	<key>archiveVersion</key>
	<string>1</string>
	<key>classes</key>
	<dict/>
	<key>objectVersion</key>
	<string>46</string>
	<key>objects</key>
	<dict>
		<key>1A34CA018B8949932AE8A3F2</key>
		<dict>
			<key>includeInIndex</key>
			<string>1</string>
			<key>isa</key>
			<string>PBXFileReference</string>
			<key>lastKnownFileType</key>
			<string>text.xcconfig</string>
			<key>name</key>
			<string>Pods-SwiftLinkPreview.release.xcconfig</string>
			<key>path</key>
			<string>Pods/Target Support Files/Pods-SwiftLinkPreview/Pods-SwiftLinkPreview.release.xcconfig</string>
			<key>sourceTree</key>
			<string>&lt;group&gt;</string>
		</dict>
		<key>7F19DE6828EE3D23B6256F92</key>
		<dict>
			<key>children</key>
			<array>
				<string>E39200CC70144D36028B2BE9</string>
				<string>1A34CA018B8949932AE8A3F2</string>
			</array>
			<key>isa</key>
			<string>PBXGroup</string>
			<key>name</key>
			<string>Pods</string>
			<key>sourceTree</key>
			<string>&lt;group&gt;</string>
		</dict>
		<key>82AE4FCB6007067C969F19AB</key>
		<dict>
			<key>buildActionMask</key>
			<string>2147483647</string>
			<key>files</key>
			<array/>
			<key>inputPaths</key>
			<array/>
			<key>isa</key>
			<string>PBXShellScriptBuildPhase</string>
			<key>name</key>
			<string>&#128230; Check Pods Manifest.lock</string>
			<key>outputPaths</key>
			<array/>
			<key>runOnlyForDeploymentPostprocessing</key>
			<string>0</string>
			<key>shellPath</key>
			<string>/bin/sh</string>
			<key>shellScript</key>
			<string>diff "${PODS_ROOT}/../Podfile.lock" "${PODS_ROOT}/Manifest.lock" &gt; /dev/null
if [[ $? != 0 ]] ; then
    cat &lt;&lt; EOM
error: The sandbox is not in sync with the Podfile.lock. Run 'pod install' or update your CocoaPods installation.
EOM
    exit 1
fi
</string>
			<key>showEnvVarsInLog</key>
			<string>0</string>
		</dict>
		<key>95A1148987F3C47687D70DE4</key>
		<dict>
			<key>buildActionMask</key>
			<string>2147483647</string>
			<key>files</key>
			<array/>
			<key>inputPaths</key>
			<array/>
			<key>isa</key>
			<string>PBXShellScriptBuildPhase</string>
			<key>name</key>
			<string>&#128230; Copy Pods Resources</string>
			<key>outputPaths</key>
			<array/>
			<key>runOnlyForDeploymentPostprocessing</key>
			<string>0</string>
			<key>shellPath</key>
			<string>/bin/sh</string>
			<key>shellScript</key>
			<string>"${SRCROOT}/Pods/Target Support Files/Pods-SwiftLinkPreview/Pods-SwiftLinkPreview-resources.sh"
</string>
			<key>showEnvVarsInLog</key>
			<string>0</string>
		</dict>
		<key>98348AB11D09B265003FA2B3</key>
		<dict>
			<key>children</key>
			<array>
				<string>98846C991D09AA6E00846726</string>
			</array>
			<key>isa</key>
			<string>PBXGroup</string>
			<key>path</key>
			<string>Headers</string>
			<key>sourceTree</key>
			<string>&lt;group&gt;</string>
		</dict>
		<key>98348AB21D09B26C003FA2B3</key>
		<dict>
			<key>children</key>
			<array>
				<string>98348ABC1D09B794003FA2B3</string>
			</array>
			<key>isa</key>
			<string>PBXGroup</string>
			<key>path</key>
			<string>Classes</string>
			<key>sourceTree</key>
			<string>&lt;group&gt;</string>
		</dict>
		<key>98348AB31D09B2AA003FA2B3</key>
		<dict>
			<key>children</key>
			<array>
				<string>98348AC41D09FFED003FA2B3</string>
			</array>
			<key>isa</key>
			<string>PBXGroup</string>
			<key>path</key>
			<string>Extensions</string>
			<key>sourceTree</key>
			<string>&lt;group&gt;</string>
		</dict>
		<key>98348ABC1D09B794003FA2B3</key>
		<dict>
			<key>fileEncoding</key>
			<string>4</string>
			<key>isa</key>
			<string>PBXFileReference</string>
			<key>lastKnownFileType</key>
			<string>sourcecode.swift</string>
			<key>name</key>
			<string>SwiftLinkPreview.swift</string>
			<key>path</key>
			<string>SwiftLinkPreview.swift</string>
			<key>sourceTree</key>
			<string>&lt;group&gt;</string>
		</dict>
		<key>98348ABD1D09B794003FA2B3</key>
		<dict>
			<key>fileRef</key>
			<string>98348ABC1D09B794003FA2B3</string>
			<key>isa</key>
			<string>PBXBuildFile</string>
		</dict>
		<key>98348AC11D09FC58003FA2B3</key>
		<dict>
			<key>fileEncoding</key>
			<string>4</string>
			<key>isa</key>
			<string>PBXFileReference</string>
			<key>lastKnownFileType</key>
			<string>sourcecode.swift</string>
			<key>name</key>
			<string>PreviewError.swift</string>
			<key>path</key>
			<string>PreviewError.swift</string>
			<key>sourceTree</key>
			<string>&lt;group&gt;</string>
		</dict>
		<key>98348AC21D09FC58003FA2B3</key>
		<dict>
			<key>fileRef</key>
			<string>98348AC11D09FC58003FA2B3</string>
			<key>isa</key>
			<string>PBXBuildFile</string>
		</dict>
		<key>98348AC31D09FD42003FA2B3</key>
		<dict>
			<key>children</key>
			<array>
				<string>98348AC11D09FC58003FA2B3</string>
				<string>98348AC71D0A00DF003FA2B3</string>
			</array>
			<key>isa</key>
			<string>PBXGroup</string>
			<key>name</key>
			<string>Constants</string>
			<key>path</key>
			<string>Constants</string>
			<key>sourceTree</key>
			<string>&lt;group&gt;</string>
		</dict>
		<key>98348AC41D09FFED003FA2B3</key>
		<dict>
			<key>fileEncoding</key>
			<string>4</string>
			<key>isa</key>
			<string>PBXFileReference</string>
			<key>lastKnownFileType</key>
			<string>sourcecode.swift</string>
			<key>name</key>
			<string>StringExtension.swift</string>
			<key>path</key>
			<string>StringExtension.swift</string>
			<key>sourceTree</key>
			<string>&lt;group&gt;</string>
		</dict>
		<key>98348AC51D09FFED003FA2B3</key>
		<dict>
			<key>fileRef</key>
			<string>98348AC41D09FFED003FA2B3</string>
			<key>isa</key>
			<string>PBXBuildFile</string>
		</dict>
		<key>98348AC71D0A00DF003FA2B3</key>
		<dict>
			<key>fileEncoding</key>
			<string>4</string>
			<key>isa</key>
			<string>PBXFileReference</string>
			<key>lastKnownFileType</key>
			<string>sourcecode.swift</string>
			<key>path</key>
			<string>Regex.swift</string>
			<key>sourceTree</key>
			<string>&lt;group&gt;</string>
		</dict>
		<key>98348AC81D0A00DF003FA2B3</key>
		<dict>
			<key>fileRef</key>
			<string>98348AC71D0A00DF003FA2B3</string>
			<key>isa</key>
			<string>PBXBuildFile</string>
		</dict>
		<key>98846C8C1D09AA6E00846726</key>
		<dict>
			<key>children</key>
			<array>
				<string>D6CDAA2DE2E0922B88F50E71</string>
				<string>7F19DE6828EE3D23B6256F92</string>
				<string>98846C971D09AA6E00846726</string>
				<string>98846C981D09AA6E00846726</string>
			</array>
			<key>isa</key>
			<string>PBXGroup</string>
			<key>sourceTree</key>
			<string>&lt;group&gt;</string>
		</dict>
		<key>98846C8D1D09AA6E00846726</key>
		<dict>
			<key>attributes</key>
			<dict>
				<key>LastUpgradeCheck</key>
				<string>0730</string>
				<key>ORGANIZATIONNAME</key>
				<string>leocardz.com</string>
				<key>TargetAttributes</key>
				<dict>
					<key>98846C951D09AA6E00846726</key>
					<dict>
						<key>CreatedOnToolsVersion</key>
						<string>7.3</string>
					</dict>
				</dict>
			</dict>
			<key>buildConfigurationList</key>
			<string>98846C901D09AA6E00846726</string>
			<key>compatibilityVersion</key>
			<string>Xcode 3.2</string>
			<key>developmentRegion</key>
			<string>English</string>
			<key>hasScannedForEncodings</key>
			<string>0</string>
			<key>isa</key>
			<string>PBXProject</string>
			<key>knownRegions</key>
			<array>
				<string>en</string>
			</array>
			<key>mainGroup</key>
			<string>98846C8C1D09AA6E00846726</string>
			<key>productRefGroup</key>
			<string>98846C971D09AA6E00846726</string>
			<key>projectDirPath</key>
			<string></string>
			<key>projectReferences</key>
			<array/>
			<key>projectRoot</key>
			<string></string>
			<key>targets</key>
			<array>
				<string>98846C951D09AA6E00846726</string>
			</array>
		</dict>
		<key>98846C901D09AA6E00846726</key>
		<dict>
			<key>buildConfigurations</key>
			<array>
				<string>98846C9C1D09AA6E00846726</string>
				<string>98846C9D1D09AA6E00846726</string>
			</array>
			<key>defaultConfigurationIsVisible</key>
			<string>0</string>
			<key>defaultConfigurationName</key>
			<string>Release</string>
			<key>isa</key>
			<string>XCConfigurationList</string>
		</dict>
		<key>98846C911D09AA6E00846726</key>
		<dict>
			<key>buildActionMask</key>
			<string>2147483647</string>
			<key>files</key>
			<array>
				<string>98348ABD1D09B794003FA2B3</string>
				<string>98348AC81D0A00DF003FA2B3</string>
				<string>98348AC21D09FC58003FA2B3</string>
				<string>98348AC51D09FFED003FA2B3</string>
			</array>
			<key>isa</key>
			<string>PBXSourcesBuildPhase</string>
			<key>runOnlyForDeploymentPostprocessing</key>
			<string>0</string>
		</dict>
		<key>98846C921D09AA6E00846726</key>
		<dict>
			<key>buildActionMask</key>
			<string>2147483647</string>
			<key>files</key>
			<array>
				<string>FB9589A6FE218CCC2181CBE5</string>
			</array>
			<key>isa</key>
			<string>PBXFrameworksBuildPhase</string>
			<key>runOnlyForDeploymentPostprocessing</key>
			<string>0</string>
		</dict>
		<key>98846C931D09AA6E00846726</key>
		<dict>
			<key>buildActionMask</key>
			<string>2147483647</string>
			<key>files</key>
			<array>
				<string>98846C9A1D09AA6E00846726</string>
			</array>
			<key>isa</key>
			<string>PBXHeadersBuildPhase</string>
			<key>runOnlyForDeploymentPostprocessing</key>
			<string>0</string>
		</dict>
		<key>98846C941D09AA6E00846726</key>
		<dict>
			<key>buildActionMask</key>
			<string>2147483647</string>
			<key>files</key>
			<array/>
			<key>isa</key>
			<string>PBXResourcesBuildPhase</string>
			<key>runOnlyForDeploymentPostprocessing</key>
			<string>0</string>
		</dict>
		<key>98846C951D09AA6E00846726</key>
		<dict>
			<key>buildConfigurationList</key>
			<string>98846C9E1D09AA6E00846726</string>
			<key>buildPhases</key>
			<array>
				<string>82AE4FCB6007067C969F19AB</string>
				<string>98846C911D09AA6E00846726</string>
				<string>98846C921D09AA6E00846726</string>
				<string>98846C931D09AA6E00846726</string>
				<string>98846C941D09AA6E00846726</string>
				<string>95A1148987F3C47687D70DE4</string>
			</array>
			<key>buildRules</key>
			<array/>
			<key>dependencies</key>
			<array/>
			<key>isa</key>
			<string>PBXNativeTarget</string>
			<key>name</key>
			<string>SwiftLinkPreview</string>
			<key>productName</key>
			<string>SwiftLinkPreview</string>
			<key>productReference</key>
			<string>98846C961D09AA6E00846726</string>
			<key>productType</key>
			<string>com.apple.product-type.framework</string>
		</dict>
		<key>98846C961D09AA6E00846726</key>
		<dict>
			<key>explicitFileType</key>
			<string>wrapper.framework</string>
			<key>includeInIndex</key>
			<string>0</string>
			<key>isa</key>
			<string>PBXFileReference</string>
			<key>path</key>
			<string>SwiftLinkPreview.framework</string>
			<key>sourceTree</key>
			<string>BUILT_PRODUCTS_DIR</string>
		</dict>
		<key>98846C971D09AA6E00846726</key>
		<dict>
			<key>children</key>
			<array>
				<string>98846C961D09AA6E00846726</string>
			</array>
			<key>isa</key>
			<string>PBXGroup</string>
			<key>name</key>
			<string>Products</string>
			<key>sourceTree</key>
			<string>&lt;group&gt;</string>
		</dict>
		<key>98846C981D09AA6E00846726</key>
		<dict>
			<key>children</key>
			<array>
				<string>98348AB21D09B26C003FA2B3</string>
				<string>98348AC31D09FD42003FA2B3</string>
				<string>98348AB31D09B2AA003FA2B3</string>
				<string>98348AB11D09B265003FA2B3</string>
				<string>98846C9B1D09AA6E00846726</string>
			</array>
			<key>isa</key>
			<string>PBXGroup</string>
			<key>path</key>
			<string>SwiftLinkPreview</string>
			<key>sourceTree</key>
			<string>&lt;group&gt;</string>
		</dict>
		<key>98846C991D09AA6E00846726</key>
		<dict>
			<key>isa</key>
			<string>PBXFileReference</string>
			<key>lastKnownFileType</key>
			<string>sourcecode.c.h</string>
			<key>path</key>
			<string>SwiftLinkPreview.h</string>
			<key>sourceTree</key>
			<string>&lt;group&gt;</string>
		</dict>
		<key>98846C9A1D09AA6E00846726</key>
		<dict>
			<key>fileRef</key>
			<string>98846C991D09AA6E00846726</string>
			<key>isa</key>
			<string>PBXBuildFile</string>
			<key>settings</key>
			<dict>
				<key>ATTRIBUTES</key>
				<array>
					<string>Public</string>
				</array>
			</dict>
		</dict>
		<key>98846C9B1D09AA6E00846726</key>
		<dict>
			<key>isa</key>
			<string>PBXFileReference</string>
			<key>lastKnownFileType</key>
			<string>text.plist.xml</string>
			<key>path</key>
			<string>Info.plist</string>
			<key>sourceTree</key>
			<string>&lt;group&gt;</string>
		</dict>
		<key>98846C9C1D09AA6E00846726</key>
		<dict>
			<key>buildSettings</key>
			<dict>
				<key>ALWAYS_SEARCH_USER_PATHS</key>
				<string>NO</string>
				<key>CLANG_ANALYZER_NONNULL</key>
				<string>YES</string>
				<key>CLANG_CXX_LANGUAGE_STANDARD</key>
				<string>gnu++0x</string>
				<key>CLANG_CXX_LIBRARY</key>
				<string>libc++</string>
				<key>CLANG_ENABLE_MODULES</key>
				<string>YES</string>
				<key>CLANG_ENABLE_OBJC_ARC</key>
				<string>YES</string>
				<key>CLANG_WARN_BOOL_CONVERSION</key>
				<string>YES</string>
				<key>CLANG_WARN_CONSTANT_CONVERSION</key>
				<string>YES</string>
				<key>CLANG_WARN_DIRECT_OBJC_ISA_USAGE</key>
				<string>YES_ERROR</string>
				<key>CLANG_WARN_EMPTY_BODY</key>
				<string>YES</string>
				<key>CLANG_WARN_ENUM_CONVERSION</key>
				<string>YES</string>
				<key>CLANG_WARN_INT_CONVERSION</key>
				<string>YES</string>
				<key>CLANG_WARN_OBJC_ROOT_CLASS</key>
				<string>YES_ERROR</string>
				<key>CLANG_WARN_UNREACHABLE_CODE</key>
				<string>YES</string>
				<key>CLANG_WARN__DUPLICATE_METHOD_MATCH</key>
				<string>YES</string>
				<key>CODE_SIGN_IDENTITY[sdk=iphoneos*]</key>
				<string>iPhone Developer</string>
				<key>COPY_PHASE_STRIP</key>
				<string>NO</string>
				<key>CURRENT_PROJECT_VERSION</key>
				<string>1</string>
				<key>DEBUG_INFORMATION_FORMAT</key>
				<string>dwarf</string>
				<key>ENABLE_STRICT_OBJC_MSGSEND</key>
				<string>YES</string>
				<key>ENABLE_TESTABILITY</key>
				<string>YES</string>
				<key>GCC_C_LANGUAGE_STANDARD</key>
				<string>gnu99</string>
				<key>GCC_DYNAMIC_NO_PIC</key>
				<string>NO</string>
				<key>GCC_NO_COMMON_BLOCKS</key>
				<string>YES</string>
				<key>GCC_OPTIMIZATION_LEVEL</key>
				<string>0</string>
				<key>GCC_PREPROCESSOR_DEFINITIONS</key>
				<array>
					<string>DEBUG=1</string>
					<string>$(inherited)</string>
				</array>
				<key>GCC_WARN_64_TO_32_BIT_CONVERSION</key>
				<string>YES</string>
				<key>GCC_WARN_ABOUT_RETURN_TYPE</key>
				<string>YES_ERROR</string>
				<key>GCC_WARN_UNDECLARED_SELECTOR</key>
				<string>YES</string>
				<key>GCC_WARN_UNINITIALIZED_AUTOS</key>
				<string>YES_AGGRESSIVE</string>
				<key>GCC_WARN_UNUSED_FUNCTION</key>
				<string>YES</string>
				<key>GCC_WARN_UNUSED_VARIABLE</key>
				<string>YES</string>
				<key>IPHONEOS_DEPLOYMENT_TARGET</key>
				<string>9.3</string>
				<key>MTL_ENABLE_DEBUG_INFO</key>
				<string>YES</string>
				<key>ONLY_ACTIVE_ARCH</key>
				<string>YES</string>
				<key>SDKROOT</key>
				<string>iphoneos</string>
				<key>SWIFT_OPTIMIZATION_LEVEL</key>
				<string>-Onone</string>
				<key>TARGETED_DEVICE_FAMILY</key>
				<string>1,2</string>
				<key>VERSIONING_SYSTEM</key>
				<string>apple-generic</string>
				<key>VERSION_INFO_PREFIX</key>
				<string></string>
			</dict>
			<key>isa</key>
			<string>XCBuildConfiguration</string>
			<key>name</key>
			<string>Debug</string>
		</dict>
		<key>98846C9D1D09AA6E00846726</key>
		<dict>
			<key>buildSettings</key>
			<dict>
				<key>ALWAYS_SEARCH_USER_PATHS</key>
				<string>NO</string>
				<key>CLANG_ANALYZER_NONNULL</key>
				<string>YES</string>
				<key>CLANG_CXX_LANGUAGE_STANDARD</key>
				<string>gnu++0x</string>
				<key>CLANG_CXX_LIBRARY</key>
				<string>libc++</string>
				<key>CLANG_ENABLE_MODULES</key>
				<string>YES</string>
				<key>CLANG_ENABLE_OBJC_ARC</key>
				<string>YES</string>
				<key>CLANG_WARN_BOOL_CONVERSION</key>
				<string>YES</string>
				<key>CLANG_WARN_CONSTANT_CONVERSION</key>
				<string>YES</string>
				<key>CLANG_WARN_DIRECT_OBJC_ISA_USAGE</key>
				<string>YES_ERROR</string>
				<key>CLANG_WARN_EMPTY_BODY</key>
				<string>YES</string>
				<key>CLANG_WARN_ENUM_CONVERSION</key>
				<string>YES</string>
				<key>CLANG_WARN_INT_CONVERSION</key>
				<string>YES</string>
				<key>CLANG_WARN_OBJC_ROOT_CLASS</key>
				<string>YES_ERROR</string>
				<key>CLANG_WARN_UNREACHABLE_CODE</key>
				<string>YES</string>
				<key>CLANG_WARN__DUPLICATE_METHOD_MATCH</key>
				<string>YES</string>
				<key>CODE_SIGN_IDENTITY[sdk=iphoneos*]</key>
				<string>iPhone Developer</string>
				<key>COPY_PHASE_STRIP</key>
				<string>NO</string>
				<key>CURRENT_PROJECT_VERSION</key>
				<string>1</string>
				<key>DEBUG_INFORMATION_FORMAT</key>
				<string>dwarf-with-dsym</string>
				<key>ENABLE_NS_ASSERTIONS</key>
				<string>NO</string>
				<key>ENABLE_STRICT_OBJC_MSGSEND</key>
				<string>YES</string>
				<key>GCC_C_LANGUAGE_STANDARD</key>
				<string>gnu99</string>
				<key>GCC_NO_COMMON_BLOCKS</key>
				<string>YES</string>
				<key>GCC_WARN_64_TO_32_BIT_CONVERSION</key>
				<string>YES</string>
				<key>GCC_WARN_ABOUT_RETURN_TYPE</key>
				<string>YES_ERROR</string>
				<key>GCC_WARN_UNDECLARED_SELECTOR</key>
				<string>YES</string>
				<key>GCC_WARN_UNINITIALIZED_AUTOS</key>
				<string>YES_AGGRESSIVE</string>
				<key>GCC_WARN_UNUSED_FUNCTION</key>
				<string>YES</string>
				<key>GCC_WARN_UNUSED_VARIABLE</key>
				<string>YES</string>
				<key>IPHONEOS_DEPLOYMENT_TARGET</key>
				<string>9.3</string>
				<key>MTL_ENABLE_DEBUG_INFO</key>
				<string>NO</string>
				<key>SDKROOT</key>
				<string>iphoneos</string>
				<key>TARGETED_DEVICE_FAMILY</key>
				<string>1,2</string>
				<key>VALIDATE_PRODUCT</key>
				<string>YES</string>
				<key>VERSIONING_SYSTEM</key>
				<string>apple-generic</string>
				<key>VERSION_INFO_PREFIX</key>
				<string></string>
			</dict>
			<key>isa</key>
			<string>XCBuildConfiguration</string>
			<key>name</key>
			<string>Release</string>
		</dict>
		<key>98846C9E1D09AA6E00846726</key>
		<dict>
			<key>buildConfigurations</key>
			<array>
				<string>98846C9F1D09AA6E00846726</string>
				<string>98846CA01D09AA6E00846726</string>
			</array>
			<key>defaultConfigurationIsVisible</key>
			<string>0</string>
			<key>defaultConfigurationName</key>
			<string>Release</string>
			<key>isa</key>
			<string>XCConfigurationList</string>
		</dict>
		<key>98846C9F1D09AA6E00846726</key>
		<dict>
			<key>baseConfigurationReference</key>
			<string>E39200CC70144D36028B2BE9</string>
			<key>buildSettings</key>
			<dict>
				<key>CLANG_ENABLE_MODULES</key>
				<string>YES</string>
				<key>DEFINES_MODULE</key>
				<string>YES</string>
				<key>DYLIB_COMPATIBILITY_VERSION</key>
				<string>1</string>
				<key>DYLIB_CURRENT_VERSION</key>
				<string>1</string>
				<key>DYLIB_INSTALL_NAME_BASE</key>
				<string>@rpath</string>
				<key>INFOPLIST_FILE</key>
				<string>SwiftLinkPreview/Info.plist</string>
				<key>INSTALL_PATH</key>
				<string>$(LOCAL_LIBRARY_DIR)/Frameworks</string>
				<key>LD_RUNPATH_SEARCH_PATHS</key>
				<string>$(inherited) @executable_path/Frameworks @loader_path/Frameworks</string>
				<key>PRODUCT_BUNDLE_IDENTIFIER</key>
				<string>com.leocardz.SwiftLinkPreview</string>
				<key>PRODUCT_NAME</key>
				<string>$(TARGET_NAME)</string>
				<key>SKIP_INSTALL</key>
				<string>YES</string>
				<key>SWIFT_OPTIMIZATION_LEVEL</key>
				<string>-Onone</string>
			</dict>
			<key>isa</key>
			<string>XCBuildConfiguration</string>
			<key>name</key>
			<string>Debug</string>
		</dict>
		<key>98846CA01D09AA6E00846726</key>
		<dict>
			<key>baseConfigurationReference</key>
			<string>1A34CA018B8949932AE8A3F2</string>
			<key>buildSettings</key>
			<dict>
				<key>CLANG_ENABLE_MODULES</key>
				<string>YES</string>
				<key>DEFINES_MODULE</key>
				<string>YES</string>
				<key>DYLIB_COMPATIBILITY_VERSION</key>
				<string>1</string>
				<key>DYLIB_CURRENT_VERSION</key>
				<string>1</string>
				<key>DYLIB_INSTALL_NAME_BASE</key>
				<string>@rpath</string>
				<key>INFOPLIST_FILE</key>
				<string>SwiftLinkPreview/Info.plist</string>
				<key>INSTALL_PATH</key>
				<string>$(LOCAL_LIBRARY_DIR)/Frameworks</string>
				<key>LD_RUNPATH_SEARCH_PATHS</key>
				<string>$(inherited) @executable_path/Frameworks @loader_path/Frameworks</string>
				<key>PRODUCT_BUNDLE_IDENTIFIER</key>
				<string>com.leocardz.SwiftLinkPreview</string>
				<key>PRODUCT_NAME</key>
				<string>$(TARGET_NAME)</string>
				<key>SKIP_INSTALL</key>
				<string>YES</string>
			</dict>
			<key>isa</key>
			<string>XCBuildConfiguration</string>
			<key>name</key>
			<string>Release</string>
		</dict>
		<key>9B662FE8E49D2C18985F2085</key>
		<dict>
			<key>explicitFileType</key>
			<string>wrapper.framework</string>
			<key>includeInIndex</key>
			<string>0</string>
			<key>isa</key>
			<string>PBXFileReference</string>
			<key>path</key>
			<string>Pods_SwiftLinkPreview.framework</string>
			<key>sourceTree</key>
			<string>BUILT_PRODUCTS_DIR</string>
		</dict>
		<key>D6CDAA2DE2E0922B88F50E71</key>
		<dict>
			<key>children</key>
			<array>
				<string>9B662FE8E49D2C18985F2085</string>
			</array>
			<key>isa</key>
			<string>PBXGroup</string>
			<key>name</key>
			<string>Frameworks</string>
			<key>sourceTree</key>
			<string>&lt;group&gt;</string>
		</dict>
		<key>E39200CC70144D36028B2BE9</key>
		<dict>
			<key>includeInIndex</key>
			<string>1</string>
			<key>isa</key>
			<string>PBXFileReference</string>
			<key>lastKnownFileType</key>
			<string>text.xcconfig</string>
			<key>name</key>
			<string>Pods-SwiftLinkPreview.debug.xcconfig</string>
			<key>path</key>
			<string>Pods/Target Support Files/Pods-SwiftLinkPreview/Pods-SwiftLinkPreview.debug.xcconfig</string>
			<key>sourceTree</key>
			<string>&lt;group&gt;</string>
		</dict>
		<key>FB9589A6FE218CCC2181CBE5</key>
		<dict>
			<key>fileRef</key>
			<string>9B662FE8E49D2C18985F2085</string>
			<key>isa</key>
			<string>PBXBuildFile</string>
		</dict>
	</dict>
	<key>rootObject</key>
	<string>98846C8D1D09AA6E00846726</string>
</dict>
</plist>
